
Microsoft Visual Studio Solution File, Format Version 12.00
# Visual Studio Version 16
VisualStudioVersion = 16.0.30503.244
MinimumVisualStudioVersion = 10.0.40219.1
Project("{FAE04EC0-301F-11D3-BF4B-00C04F79EFBC}") = "huiswerk dice game", "huiswerk dice game\huiswerk dice game.csproj", "{B45279FB-16C0-4F07-8124-C82EB30750FA}"
EndProject
Global
	GlobalSection(SolutionConfigurationPlatforms) = preSolution
		Debug|Any CPU = Debug|Any CPU
		Release|Any CPU = Release|Any CPU
	EndGlobalSection
	GlobalSection(ProjectConfigurationPlatforms) = postSolution
		{B45279FB-16C0-4F07-8124-C82EB30750FA}.Debug|Any CPU.ActiveCfg = Debug|Any CPU
		{B45279FB-16C0-4F07-8124-C82EB30750FA}.Debug|Any CPU.Build.0 = Debug|Any CPU
		{B45279FB-16C0-4F07-8124-C82EB30750FA}.Release|Any CPU.ActiveCfg = Release|Any CPU
		{B45279FB-16C0-4F07-8124-C82EB30750FA}.Release|Any CPU.Build.0 = Release|Any CPU
	EndGlobalSection
	GlobalSection(SolutionProperties) = preSolution
		HideSolutionNode = FALSE
	EndGlobalSection
	GlobalSection(ExtensibilityGlobals) = postSolution
		SolutionGuid = {080DADD9-6501-443D-88A4-45690587B894}
	EndGlobalSection
EndGlobal
